
Microsoft Visual Studio Solution File, Format Version 12.00
# Visual Studio Version 17
VisualStudioVersion = 17.12.35707.178 d17.12
MinimumVisualStudioVersion = 10.0.40219.1
Project("{FAE04EC0-301F-11D3-BF4B-00C04F79EFBC}") = "SmartParkingSystem.UI", "SmartParkingSystem.UI\SmartParkingSystem.UI.csproj", "{929A8A3B-6EEF-47E1-9D5E-3C99727AC884}"
EndProject
Project("{FAE04EC0-301F-11D3-BF4B-00C04F79EFBC}") = "SmartParkingSystem.Core", "SmartParkingSystem.Core\SmartParkingSystem.Core.csproj", "{00C63819-C7C8-4150-8D1B-4052CAF1A5CC}"
EndProject
Project("{FAE04EC0-301F-11D3-BF4B-00C04F79EFBC}") = "SmartParkingSystem.Infrastructure", "SmartParkingSystem.Infrastructure\SmartParkingSystem.Infrastructure.csproj", "{8969240F-4638-4893-882E-ED20DC93B08A}"
EndProject
Project("{FAE04EC0-301F-11D3-BF4B-00C04F79EFBC}") = "SmartParkingSystem.Services", "SmartParkingSystem.Services\SmartParkingSystem.Services.csproj", "{F40ACDC2-6FA2-436B-BD05-596678F4F6DD}"
EndProject
Global
	GlobalSection(SolutionConfigurationPlatforms) = preSolution
		Debug|Any CPU = Debug|Any CPU
		Release|Any CPU = Release|Any CPU
	EndGlobalSection
	GlobalSection(ProjectConfigurationPlatforms) = postSolution
		{929A8A3B-6EEF-47E1-9D5E-3C99727AC884}.Debug|Any CPU.ActiveCfg = Debug|Any CPU
		{929A8A3B-6EEF-47E1-9D5E-3C99727AC884}.Debug|Any CPU.Build.0 = Debug|Any CPU
		{929A8A3B-6EEF-47E1-9D5E-3C99727AC884}.Release|Any CPU.ActiveCfg = Release|Any CPU
		{929A8A3B-6EEF-47E1-9D5E-3C99727AC884}.Release|Any CPU.Build.0 = Release|Any CPU
		{00C63819-C7C8-4150-8D1B-4052CAF1A5CC}.Debug|Any CPU.ActiveCfg = Debug|Any CPU
		{00C63819-C7C8-4150-8D1B-4052CAF1A5CC}.Debug|Any CPU.Build.0 = Debug|Any CPU
		{00C63819-C7C8-4150-8D1B-4052CAF1A5CC}.Release|Any CPU.ActiveCfg = Release|Any CPU
		{00C63819-C7C8-4150-8D1B-4052CAF1A5CC}.Release|Any CPU.Build.0 = Release|Any CPU
		{8969240F-4638-4893-882E-ED20DC93B08A}.Debug|Any CPU.ActiveCfg = Debug|Any CPU
		{8969240F-4638-4893-882E-ED20DC93B08A}.Debug|Any CPU.Build.0 = Debug|Any CPU
		{8969240F-4638-4893-882E-ED20DC93B08A}.Release|Any CPU.ActiveCfg = Release|Any CPU
		{8969240F-4638-4893-882E-ED20DC93B08A}.Release|Any CPU.Build.0 = Release|Any CPU
		{F40ACDC2-6FA2-436B-BD05-596678F4F6DD}.Debug|Any CPU.ActiveCfg = Debug|Any CPU
		{F40ACDC2-6FA2-436B-BD05-596678F4F6DD}.Debug|Any CPU.Build.0 = Debug|Any CPU
		{F40ACDC2-6FA2-436B-BD05-596678F4F6DD}.Release|Any CPU.ActiveCfg = Release|Any CPU
		{F40ACDC2-6FA2-436B-BD05-596678F4F6DD}.Release|Any CPU.Build.0 = Release|Any CPU
	EndGlobalSection
	GlobalSection(SolutionProperties) = preSolution
		HideSolutionNode = FALSE
	EndGlobalSection
EndGlobal
